// !$*UTF8*$!
{
	archiveVersion = 1;
	classes = {
	};
	objectVersion = 77;
	objects = {

/* Begin PBXBuildFile section */
		989742E22E43CB6000EB6D2F /* Utils in Frameworks */ = {isa = PBXBuildFile; productRef = 989742E12E43CB6000EB6D2F /* Utils */; };
		989744172E4A52D600EB6D2F /* CellGridView in Frameworks */ = {isa = PBXBuildFile; productRef = 989744162E4A52D600EB6D2F /* CellGridView */; };
/* End PBXBuildFile section */

/* Begin PBXContainerItemProxy section */
		989741CA2E3F9B5200EB6D2F /* PBXContainerItemProxy */ = {
			isa = PBXContainerItemProxy;
			containerPortal = 989741B42E3F9B5100EB6D2F /* Project object */;
			proxyType = 1;
			remoteGlobalIDString = 989741BB2E3F9B5100EB6D2F;
			remoteInfo = Sandbox;
		};
		989741D42E3F9B5200EB6D2F /* PBXContainerItemProxy */ = {
			isa = PBXContainerItemProxy;
			containerPortal = 989741B42E3F9B5100EB6D2F /* Project object */;
			proxyType = 1;
			remoteGlobalIDString = 989741BB2E3F9B5100EB6D2F;
			remoteInfo = Sandbox;
		};
/* End PBXContainerItemProxy section */

/* Begin PBXFileReference section */
		989741BC2E3F9B5100EB6D2F /* Sandbox.app */ = {isa = PBXFileReference; explicitFileType = wrapper.application; includeInIndex = 0; path = Sandbox.app; sourceTree = BUILT_PRODUCTS_DIR; };
		989741C92E3F9B5200EB6D2F /* SandboxTests.xctest */ = {isa = PBXFileReference; explicitFileType = wrapper.cfbundle; includeInIndex = 0; path = SandboxTests.xctest; sourceTree = BUILT_PRODUCTS_DIR; };
		989741D32E3F9B5200EB6D2F /* SandboxUITests.xctest */ = {isa = PBXFileReference; explicitFileType = wrapper.cfbundle; includeInIndex = 0; path = SandboxUITests.xctest; sourceTree = BUILT_PRODUCTS_DIR; };
/* End PBXFileReference section */

/* Begin PBXFileSystemSynchronizedRootGroup section */
		989741BE2E3F9B5100EB6D2F /* Sandbox */ = {
			isa = PBXFileSystemSynchronizedRootGroup;
			path = Sandbox;
			sourceTree = "<group>";
		};
		989741CC2E3F9B5200EB6D2F /* SandboxTests */ = {
			isa = PBXFileSystemSynchronizedRootGroup;
			path = SandboxTests;
			sourceTree = "<group>";
		};
		989741D62E3F9B5200EB6D2F /* SandboxUITests */ = {
			isa = PBXFileSystemSynchronizedRootGroup;
			path = SandboxUITests;
			sourceTree = "<group>";
		};
/* End PBXFileSystemSynchronizedRootGroup section */

/* Begin PBXFrameworksBuildPhase section */
		989741B92E3F9B5100EB6D2F /* Frameworks */ = {
			isa = PBXFrameworksBuildPhase;
			buildActionMask = 2147483647;
			files = (
				989742E22E43CB6000EB6D2F /* Utils in Frameworks */,
				989744172E4A52D600EB6D2F /* CellGridView in Frameworks */,
			);
			runOnlyForDeploymentPostprocessing = 0;
		};
		989741C62E3F9B5200EB6D2F /* Frameworks */ = {
			isa = PBXFrameworksBuildPhase;
			buildActionMask = 2147483647;
			files = (
			);
			runOnlyForDeploymentPostprocessing = 0;
		};
		989741D02E3F9B5200EB6D2F /* Frameworks */ = {
			isa = PBXFrameworksBuildPhase;
			buildActionMask = 2147483647;
			files = (
			);
			runOnlyForDeploymentPostprocessing = 0;
		};
/* End PBXFrameworksBuildPhase section */

/* Begin PBXGroup section */
		989741B32E3F9B5100EB6D2F = {
			isa = PBXGroup;
			children = (
				989741BE2E3F9B5100EB6D2F /* Sandbox */,
				989741CC2E3F9B5200EB6D2F /* SandboxTests */,
				989741D62E3F9B5200EB6D2F /* SandboxUITests */,
				989741BD2E3F9B5100EB6D2F /* Products */,
			);
			sourceTree = "<group>";
		};
		989741BD2E3F9B5100EB6D2F /* Products */ = {
			isa = PBXGroup;
			children = (
				989741BC2E3F9B5100EB6D2F /* Sandbox.app */,
				989741C92E3F9B5200EB6D2F /* SandboxTests.xctest */,
				989741D32E3F9B5200EB6D2F /* SandboxUITests.xctest */,
			);
			name = Products;
			sourceTree = "<group>";
		};
/* End PBXGroup section */

/* Begin PBXNativeTarget section */
		989741BB2E3F9B5100EB6D2F /* Sandbox */ = {
			isa = PBXNativeTarget;
			buildConfigurationList = 989741DD2E3F9B5200EB6D2F /* Build configuration list for PBXNativeTarget "Sandbox" */;
			buildPhases = (
				989741B82E3F9B5100EB6D2F /* Sources */,
				989741B92E3F9B5100EB6D2F /* Frameworks */,
				989741BA2E3F9B5100EB6D2F /* Resources */,
			);
			buildRules = (
			);
			dependencies = (
			);
			fileSystemSynchronizedGroups = (
				989741BE2E3F9B5100EB6D2F /* Sandbox */,
			);
			name = Sandbox;
			packageProductDependencies = (
				989742E12E43CB6000EB6D2F /* Utils */,
				989744162E4A52D600EB6D2F /* CellGridView */,
			);
			productName = Sandbox;
			productReference = 989741BC2E3F9B5100EB6D2F /* Sandbox.app */;
			productType = "com.apple.product-type.application";
		};
		989741C82E3F9B5200EB6D2F /* SandboxTests */ = {
			isa = PBXNativeTarget;
			buildConfigurationList = 989741E02E3F9B5200EB6D2F /* Build configuration list for PBXNativeTarget "SandboxTests" */;
			buildPhases = (
				989741C52E3F9B5200EB6D2F /* Sources */,
				989741C62E3F9B5200EB6D2F /* Frameworks */,
				989741C72E3F9B5200EB6D2F /* Resources */,
			);
			buildRules = (
			);
			dependencies = (
				989741CB2E3F9B5200EB6D2F /* PBXTargetDependency */,
			);
			fileSystemSynchronizedGroups = (
				989741CC2E3F9B5200EB6D2F /* SandboxTests */,
			);
			name = SandboxTests;
			packageProductDependencies = (
			);
			productName = SandboxTests;
			productReference = 989741C92E3F9B5200EB6D2F /* SandboxTests.xctest */;
			productType = "com.apple.product-type.bundle.unit-test";
		};
		989741D22E3F9B5200EB6D2F /* SandboxUITests */ = {
			isa = PBXNativeTarget;
			buildConfigurationList = 989741E32E3F9B5200EB6D2F /* Build configuration list for PBXNativeTarget "SandboxUITests" */;
			buildPhases = (
				989741CF2E3F9B5200EB6D2F /* Sources */,
				989741D02E3F9B5200EB6D2F /* Frameworks */,
				989741D12E3F9B5200EB6D2F /* Resources */,
			);
			buildRules = (
			);
			dependencies = (
				989741D52E3F9B5200EB6D2F /* PBXTargetDependency */,
			);
			fileSystemSynchronizedGroups = (
				989741D62E3F9B5200EB6D2F /* SandboxUITests */,
			);
			name = SandboxUITests;
			packageProductDependencies = (
			);
			productName = SandboxUITests;
			productReference = 989741D32E3F9B5200EB6D2F /* SandboxUITests.xctest */;
			productType = "com.apple.product-type.bundle.ui-testing";
		};
/* End PBXNativeTarget section */

/* Begin PBXProject section */
		989741B42E3F9B5100EB6D2F /* Project object */ = {
			isa = PBXProject;
			attributes = {
				BuildIndependentTargetsInParallel = 1;
				LastSwiftUpdateCheck = 1640;
				LastUpgradeCheck = 1640;
				TargetAttributes = {
					989741BB2E3F9B5100EB6D2F = {
						CreatedOnToolsVersion = 16.4;
					};
					989741C82E3F9B5200EB6D2F = {
						CreatedOnToolsVersion = 16.4;
						TestTargetID = 989741BB2E3F9B5100EB6D2F;
					};
					989741D22E3F9B5200EB6D2F = {
						CreatedOnToolsVersion = 16.4;
						TestTargetID = 989741BB2E3F9B5100EB6D2F;
					};
				};
			};
			buildConfigurationList = 989741B72E3F9B5100EB6D2F /* Build configuration list for PBXProject "Sandbox" */;
			developmentRegion = en;
			hasScannedForEncodings = 0;
			knownRegions = (
				en,
				Base,
			);
			mainGroup = 989741B32E3F9B5100EB6D2F;
			minimizedProjectReferenceProxies = 1;
			packageReferences = (
				989742E02E43CB6000EB6D2F /* XCRemoteSwiftPackageReference "ios-utils" */,
				989744152E4A52D600EB6D2F /* XCRemoteSwiftPackageReference "ios-cellgridview" */,
			);
			preferredProjectObjectVersion = 77;
			productRefGroup = 989741BD2E3F9B5100EB6D2F /* Products */;
			projectDirPath = "";
			projectRoot = "";
			targets = (
				989741BB2E3F9B5100EB6D2F /* Sandbox */,
				989741C82E3F9B5200EB6D2F /* SandboxTests */,
				989741D22E3F9B5200EB6D2F /* SandboxUITests */,
			);
		};
/* End PBXProject section */

/* Begin PBXResourcesBuildPhase section */
		989741BA2E3F9B5100EB6D2F /* Resources */ = {
			isa = PBXResourcesBuildPhase;
			buildActionMask = 2147483647;
			files = (
			);
			runOnlyForDeploymentPostprocessing = 0;
		};
		989741C72E3F9B5200EB6D2F /* Resources */ = {
			isa = PBXResourcesBuildPhase;
			buildActionMask = 2147483647;
			files = (
			);
			runOnlyForDeploymentPostprocessing = 0;
		};
		989741D12E3F9B5200EB6D2F /* Resources */ = {
			isa = PBXResourcesBuildPhase;
			buildActionMask = 2147483647;
			files = (
			);
			runOnlyForDeploymentPostprocessing = 0;
		};
/* End PBXResourcesBuildPhase section */

/* Begin PBXSourcesBuildPhase section */
		989741B82E3F9B5100EB6D2F /* Sources */ = {
			isa = PBXSourcesBuildPhase;
			buildActionMask = 2147483647;
			files = (
			);
			runOnlyForDeploymentPostprocessing = 0;
		};
		989741C52E3F9B5200EB6D2F /* Sources */ = {
			isa = PBXSourcesBuildPhase;
			buildActionMask = 2147483647;
			files = (
			);
			runOnlyForDeploymentPostprocessing = 0;
		};
		989741CF2E3F9B5200EB6D2F /* Sources */ = {
			isa = PBXSourcesBuildPhase;
			buildActionMask = 2147483647;
			files = (
			);
			runOnlyForDeploymentPostprocessing = 0;
		};
/* End PBXSourcesBuildPhase section */

/* Begin PBXTargetDependency section */
		989741CB2E3F9B5200EB6D2F /* PBXTargetDependency */ = {
			isa = PBXTargetDependency;
			target = 989741BB2E3F9B5100EB6D2F /* Sandbox */;
			targetProxy = 989741CA2E3F9B5200EB6D2F /* PBXContainerItemProxy */;
		};
		989741D52E3F9B5200EB6D2F /* PBXTargetDependency */ = {
			isa = PBXTargetDependency;
			target = 989741BB2E3F9B5100EB6D2F /* Sandbox */;
			targetProxy = 989741D42E3F9B5200EB6D2F /* PBXContainerItemProxy */;
		};
/* End PBXTargetDependency section */

/* Begin XCBuildConfiguration section */
		989741DB2E3F9B5200EB6D2F /* Debug */ = {
			isa = XCBuildConfiguration;
			buildSettings = {
				ALWAYS_SEARCH_USER_PATHS = NO;
				ASSETCATALOG_COMPILER_GENERATE_SWIFT_ASSET_SYMBOL_EXTENSIONS = YES;
				CLANG_ANALYZER_NONNULL = YES;
				CLANG_ANALYZER_NUMBER_OBJECT_CONVERSION = YES_AGGRESSIVE;
				CLANG_CXX_LANGUAGE_STANDARD = "gnu++20";
				CLANG_ENABLE_MODULES = YES;
				CLANG_ENABLE_OBJC_ARC = YES;
				CLANG_ENABLE_OBJC_WEAK = YES;
				CLANG_WARN_BLOCK_CAPTURE_AUTORELEASING = YES;
				CLANG_WARN_BOOL_CONVERSION = YES;
				CLANG_WARN_COMMA = YES;
				CLANG_WARN_CONSTANT_CONVERSION = YES;
				CLANG_WARN_DEPRECATED_OBJC_IMPLEMENTATIONS = YES;
				CLANG_WARN_DIRECT_OBJC_ISA_USAGE = YES_ERROR;
				CLANG_WARN_DOCUMENTATION_COMMENTS = YES;
				CLANG_WARN_EMPTY_BODY = YES;
				CLANG_WARN_ENUM_CONVERSION = YES;
				CLANG_WARN_INFINITE_RECURSION = YES;
				CLANG_WARN_INT_CONVERSION = YES;
				CLANG_WARN_NON_LITERAL_NULL_CONVERSION = YES;
				CLANG_WARN_OBJC_IMPLICIT_RETAIN_SELF = YES;
				CLANG_WARN_OBJC_LITERAL_CONVERSION = YES;
				CLANG_WARN_OBJC_ROOT_CLASS = YES_ERROR;
				CLANG_WARN_QUOTED_INCLUDE_IN_FRAMEWORK_HEADER = YES;
				CLANG_WARN_RANGE_LOOP_ANALYSIS = YES;
				CLANG_WARN_STRICT_PROTOTYPES = YES;
				CLANG_WARN_SUSPICIOUS_MOVE = YES;
				CLANG_WARN_UNGUARDED_AVAILABILITY = YES_AGGRESSIVE;
				CLANG_WARN_UNREACHABLE_CODE = YES;
				CLANG_WARN__DUPLICATE_METHOD_MATCH = YES;
				COPY_PHASE_STRIP = NO;
				DEBUG_INFORMATION_FORMAT = dwarf;
				DEVELOPMENT_TEAM = N76S683655;
				ENABLE_STRICT_OBJC_MSGSEND = YES;
				ENABLE_TESTABILITY = YES;
				ENABLE_USER_SCRIPT_SANDBOXING = YES;
				GCC_C_LANGUAGE_STANDARD = gnu17;
				GCC_DYNAMIC_NO_PIC = NO;
				GCC_NO_COMMON_BLOCKS = YES;
				GCC_OPTIMIZATION_LEVEL = 0;
				GCC_PREPROCESSOR_DEFINITIONS = (
					"DEBUG=1",
					"$(inherited)",
				);
				GCC_WARN_64_TO_32_BIT_CONVERSION = YES;
				GCC_WARN_ABOUT_RETURN_TYPE = YES_ERROR;
				GCC_WARN_UNDECLARED_SELECTOR = YES;
				GCC_WARN_UNINITIALIZED_AUTOS = YES_AGGRESSIVE;
				GCC_WARN_UNUSED_FUNCTION = YES;
				GCC_WARN_UNUSED_VARIABLE = YES;
				IPHONEOS_DEPLOYMENT_TARGET = 18.5;
				LOCALIZATION_PREFERS_STRING_CATALOGS = YES;
				MTL_ENABLE_DEBUG_INFO = INCLUDE_SOURCE;
				MTL_FAST_MATH = YES;
				ONLY_ACTIVE_ARCH = YES;
				SDKROOT = iphoneos;
				SWIFT_ACTIVE_COMPILATION_CONDITIONS = "DEBUG $(inherited)";
				SWIFT_OPTIMIZATION_LEVEL = "-Onone";
			};
			name = Debug;
		};
		989741DC2E3F9B5200EB6D2F /* Release */ = {
			isa = XCBuildConfiguration;
			buildSettings = {
				ALWAYS_SEARCH_USER_PATHS = NO;
				ASSETCATALOG_COMPILER_GENERATE_SWIFT_ASSET_SYMBOL_EXTENSIONS = YES;
				CLANG_ANALYZER_NONNULL = YES;
				CLANG_ANALYZER_NUMBER_OBJECT_CONVERSION = YES_AGGRESSIVE;
				CLANG_CXX_LANGUAGE_STANDARD = "gnu++20";
				CLANG_ENABLE_MODULES = YES;
				CLANG_ENABLE_OBJC_ARC = YES;
				CLANG_ENABLE_OBJC_WEAK = YES;
				CLANG_WARN_BLOCK_CAPTURE_AUTORELEASING = YES;
				CLANG_WARN_BOOL_CONVERSION = YES;
				CLANG_WARN_COMMA = YES;
				CLANG_WARN_CONSTANT_CONVERSION = YES;
				CLANG_WARN_DEPRECATED_OBJC_IMPLEMENTATIONS = YES;
				CLANG_WARN_DIRECT_OBJC_ISA_USAGE = YES_ERROR;
				CLANG_WARN_DOCUMENTATION_COMMENTS = YES;
				CLANG_WARN_EMPTY_BODY = YES;
				CLANG_WARN_ENUM_CONVERSION = YES;
				CLANG_WARN_INFINITE_RECURSION = YES;
				CLANG_WARN_INT_CONVERSION = YES;
				CLANG_WARN_NON_LITERAL_NULL_CONVERSION = YES;
				CLANG_WARN_OBJC_IMPLICIT_RETAIN_SELF = YES;
				CLANG_WARN_OBJC_LITERAL_CONVERSION = YES;
				CLANG_WARN_OBJC_ROOT_CLASS = YES_ERROR;
				CLANG_WARN_QUOTED_INCLUDE_IN_FRAMEWORK_HEADER = YES;
				CLANG_WARN_RANGE_LOOP_ANALYSIS = YES;
				CLANG_WARN_STRICT_PROTOTYPES = YES;
				CLANG_WARN_SUSPICIOUS_MOVE = YES;
				CLANG_WARN_UNGUARDED_AVAILABILITY = YES_AGGRESSIVE;
				CLANG_WARN_UNREACHABLE_CODE = YES;
				CLANG_WARN__DUPLICATE_METHOD_MATCH = YES;
				COPY_PHASE_STRIP = NO;
				DEBUG_INFORMATION_FORMAT = "dwarf-with-dsym";
				DEVELOPMENT_TEAM = N76S683655;
				ENABLE_NS_ASSERTIONS = NO;
				ENABLE_STRICT_OBJC_MSGSEND = YES;
				ENABLE_USER_SCRIPT_SANDBOXING = YES;
				GCC_C_LANGUAGE_STANDARD = gnu17;
				GCC_NO_COMMON_BLOCKS = YES;
				GCC_WARN_64_TO_32_BIT_CONVERSION = YES;
				GCC_WARN_ABOUT_RETURN_TYPE = YES_ERROR;
				GCC_WARN_UNDECLARED_SELECTOR = YES;
				GCC_WARN_UNINITIALIZED_AUTOS = YES_AGGRESSIVE;
				GCC_WARN_UNUSED_FUNCTION = YES;
				GCC_WARN_UNUSED_VARIABLE = YES;
				IPHONEOS_DEPLOYMENT_TARGET = 18.5;
				LOCALIZATION_PREFERS_STRING_CATALOGS = YES;
				MTL_ENABLE_DEBUG_INFO = NO;
				MTL_FAST_MATH = YES;
				SDKROOT = iphoneos;
				SWIFT_COMPILATION_MODE = wholemodule;
				VALIDATE_PRODUCT = YES;
			};
			name = Release;
		};
		989741DE2E3F9B5200EB6D2F /* Debug */ = {
			isa = XCBuildConfiguration;
			buildSettings = {
				ASSETCATALOG_COMPILER_APPICON_NAME = AppIcon;
				ASSETCATALOG_COMPILER_GLOBAL_ACCENT_COLOR_NAME = AccentColor;
				CODE_SIGN_STYLE = Automatic;
				CURRENT_PROJECT_VERSION = 1;
				DEVELOPMENT_TEAM = N76S683655;
				ENABLE_PREVIEWS = YES;
				GENERATE_INFOPLIST_FILE = YES;
				INFOPLIST_KEY_UIApplicationSceneManifest_Generation = YES;
				INFOPLIST_KEY_UIApplicationSupportsIndirectInputEvents = YES;
				INFOPLIST_KEY_UILaunchScreen_Generation = YES;
				INFOPLIST_KEY_UISupportedInterfaceOrientations_iPad = "UIInterfaceOrientationPortrait UIInterfaceOrientationPortraitUpsideDown UIInterfaceOrientationLandscapeLeft UIInterfaceOrientationLandscapeRight";
				INFOPLIST_KEY_UISupportedInterfaceOrientations_iPhone = "UIInterfaceOrientationPortrait UIInterfaceOrientationLandscapeLeft UIInterfaceOrientationLandscapeRight";
				IPHONEOS_DEPLOYMENT_TARGET = 17.6;
				LD_RUNPATH_SEARCH_PATHS = (
					"$(inherited)",
					"@executable_path/Frameworks",
				);
				MARKETING_VERSION = 1.0;
				PRODUCT_BUNDLE_IDENTIFIER = com.dmichaels.prufrock.Sandbox;
				PRODUCT_NAME = "$(TARGET_NAME)";
				SWIFT_EMIT_LOC_STRINGS = YES;
				SWIFT_VERSION = 5.0;
				TARGETED_DEVICE_FAMILY = "1,2";
			};
			name = Debug;
		};
		989741DF2E3F9B5200EB6D2F /* Release */ = {
			isa = XCBuildConfiguration;
			buildSettings = {
				ASSETCATALOG_COMPILER_APPICON_NAME = AppIcon;
				ASSETCATALOG_COMPILER_GLOBAL_ACCENT_COLOR_NAME = AccentColor;
				CODE_SIGN_STYLE = Automatic;
				CURRENT_PROJECT_VERSION = 1;
				DEVELOPMENT_TEAM = N76S683655;
				ENABLE_PREVIEWS = YES;
				GENERATE_INFOPLIST_FILE = YES;
				INFOPLIST_KEY_UIApplicationSceneManifest_Generation = YES;
				INFOPLIST_KEY_UIApplicationSupportsIndirectInputEvents = YES;
				INFOPLIST_KEY_UILaunchScreen_Generation = YES;
				INFOPLIST_KEY_UISupportedInterfaceOrientations_iPad = "UIInterfaceOrientationPortrait UIInterfaceOrientationPortraitUpsideDown UIInterfaceOrientationLandscapeLeft UIInterfaceOrientationLandscapeRight";
				INFOPLIST_KEY_UISupportedInterfaceOrientations_iPhone = "UIInterfaceOrientationPortrait UIInterfaceOrientationLandscapeLeft UIInterfaceOrientationLandscapeRight";
				IPHONEOS_DEPLOYMENT_TARGET = 17.6;
				LD_RUNPATH_SEARCH_PATHS = (
					"$(inherited)",
					"@executable_path/Frameworks",
				);
				MARKETING_VERSION = 1.0;
				PRODUCT_BUNDLE_IDENTIFIER = com.dmichaels.prufrock.Sandbox;
				PRODUCT_NAME = "$(TARGET_NAME)";
				SWIFT_EMIT_LOC_STRINGS = YES;
				SWIFT_VERSION = 5.0;
				TARGETED_DEVICE_FAMILY = "1,2";
			};
			name = Release;
		};
		989741E12E3F9B5200EB6D2F /* Debug */ = {
			isa = XCBuildConfiguration;
			buildSettings = {
				BUNDLE_LOADER = "$(TEST_HOST)";
				CODE_SIGN_STYLE = Automatic;
				CURRENT_PROJECT_VERSION = 1;
				DEVELOPMENT_TEAM = N76S683655;
				GENERATE_INFOPLIST_FILE = YES;
				IPHONEOS_DEPLOYMENT_TARGET = 18.5;
				MARKETING_VERSION = 1.0;
				PRODUCT_BUNDLE_IDENTIFIER = com.dmichaels.prufrock.SandboxTests;
				PRODUCT_NAME = "$(TARGET_NAME)";
				SWIFT_EMIT_LOC_STRINGS = NO;
				SWIFT_VERSION = 5.0;
				TARGETED_DEVICE_FAMILY = "1,2";
				TEST_HOST = "$(BUILT_PRODUCTS_DIR)/Sandbox.app/$(BUNDLE_EXECUTABLE_FOLDER_PATH)/Sandbox";
			};
			name = Debug;
		};
		989741E22E3F9B5200EB6D2F /* Release */ = {
			isa = XCBuildConfiguration;
			buildSettings = {
				BUNDLE_LOADER = "$(TEST_HOST)";
				CODE_SIGN_STYLE = Automatic;
				CURRENT_PROJECT_VERSION = 1;
				DEVELOPMENT_TEAM = N76S683655;
				GENERATE_INFOPLIST_FILE = YES;
				IPHONEOS_DEPLOYMENT_TARGET = 18.5;
				MARKETING_VERSION = 1.0;
				PRODUCT_BUNDLE_IDENTIFIER = com.dmichaels.prufrock.SandboxTests;
				PRODUCT_NAME = "$(TARGET_NAME)";
				SWIFT_EMIT_LOC_STRINGS = NO;
				SWIFT_VERSION = 5.0;
				TARGETED_DEVICE_FAMILY = "1,2";
				TEST_HOST = "$(BUILT_PRODUCTS_DIR)/Sandbox.app/$(BUNDLE_EXECUTABLE_FOLDER_PATH)/Sandbox";
			};
			name = Release;
		};
		989741E42E3F9B5200EB6D2F /* Debug */ = {
			isa = XCBuildConfiguration;
			buildSettings = {
				CODE_SIGN_STYLE = Automatic;
				CURRENT_PROJECT_VERSION = 1;
				DEVELOPMENT_TEAM = N76S683655;
				GENERATE_INFOPLIST_FILE = YES;
				MARKETING_VERSION = 1.0;
				PRODUCT_BUNDLE_IDENTIFIER = com.dmichaels.prufrock.SandboxUITests;
				PRODUCT_NAME = "$(TARGET_NAME)";
				SWIFT_EMIT_LOC_STRINGS = NO;
				SWIFT_VERSION = 5.0;
				TARGETED_DEVICE_FAMILY = "1,2";
				TEST_TARGET_NAME = Sandbox;
			};
			name = Debug;
		};
		989741E52E3F9B5200EB6D2F /* Release */ = {
			isa = XCBuildConfiguration;
			buildSettings = {
				CODE_SIGN_STYLE = Automatic;
				CURRENT_PROJECT_VERSION = 1;
				DEVELOPMENT_TEAM = N76S683655;
				GENERATE_INFOPLIST_FILE = YES;
				MARKETING_VERSION = 1.0;
				PRODUCT_BUNDLE_IDENTIFIER = com.dmichaels.prufrock.SandboxUITests;
				PRODUCT_NAME = "$(TARGET_NAME)";
				SWIFT_EMIT_LOC_STRINGS = NO;
				SWIFT_VERSION = 5.0;
				TARGETED_DEVICE_FAMILY = "1,2";
				TEST_TARGET_NAME = Sandbox;
			};
			name = Release;
		};
/* End XCBuildConfiguration section */

/* Begin XCConfigurationList section */
		989741B72E3F9B5100EB6D2F /* Build configuration list for PBXProject "Sandbox" */ = {
			isa = XCConfigurationList;
			buildConfigurations = (
				989741DB2E3F9B5200EB6D2F /* Debug */,
				989741DC2E3F9B5200EB6D2F /* Release */,
			);
			defaultConfigurationIsVisible = 0;
			defaultConfigurationName = Release;
		};
		989741DD2E3F9B5200EB6D2F /* Build configuration list for PBXNativeTarget "Sandbox" */ = {
			isa = XCConfigurationList;
			buildConfigurations = (
				989741DE2E3F9B5200EB6D2F /* Debug */,
				989741DF2E3F9B5200EB6D2F /* Release */,
			);
			defaultConfigurationIsVisible = 0;
			defaultConfigurationName = Release;
		};
		989741E02E3F9B5200EB6D2F /* Build configuration list for PBXNativeTarget "SandboxTests" */ = {
			isa = XCConfigurationList;
			buildConfigurations = (
				989741E12E3F9B5200EB6D2F /* Debug */,
				989741E22E3F9B5200EB6D2F /* Release */,
			);
			defaultConfigurationIsVisible = 0;
			defaultConfigurationName = Release;
		};
		989741E32E3F9B5200EB6D2F /* Build configuration list for PBXNativeTarget "SandboxUITests" */ = {
			isa = XCConfigurationList;
			buildConfigurations = (
				989741E42E3F9B5200EB6D2F /* Debug */,
				989741E52E3F9B5200EB6D2F /* Release */,
			);
			defaultConfigurationIsVisible = 0;
			defaultConfigurationName = Release;
		};
/* End XCConfigurationList section */

/* Begin XCRemoteSwiftPackageReference section */
		989742E02E43CB6000EB6D2F /* XCRemoteSwiftPackageReference "ios-utils" */ = {
			isa = XCRemoteSwiftPackageReference;
			repositoryURL = "https://github.com/dmichaels/ios-utils.git";
			requirement = {
				branch = main;
				kind = branch;
			};
		};
		989744152E4A52D600EB6D2F /* XCRemoteSwiftPackageReference "ios-cellgridview" */ = {
			isa = XCRemoteSwiftPackageReference;
			repositoryURL = "https://github.com/dmichaels/ios-cellgridview.git";
			requirement = {
				branch = main;
				kind = branch;
			};
		};
/* End XCRemoteSwiftPackageReference section */

/* Begin XCSwiftPackageProductDependency section */
		989742E12E43CB6000EB6D2F /* Utils */ = {
			isa = XCSwiftPackageProductDependency;
			package = 989742E02E43CB6000EB6D2F /* XCRemoteSwiftPackageReference "ios-utils" */;
			productName = Utils;
		};
		989744162E4A52D600EB6D2F /* CellGridView */ = {
			isa = XCSwiftPackageProductDependency;
			package = 989744152E4A52D600EB6D2F /* XCRemoteSwiftPackageReference "ios-cellgridview" */;
			productName = CellGridView;
		};
/* End XCSwiftPackageProductDependency section */
	};
	rootObject = 989741B42E3F9B5100EB6D2F /* Project object */;
}
